{
  "version": 4,
  "terraform_version": "1.2.8",
  "serial": 6,
  "lineage": "534f35f2-3f02-de63-256b-f0421bd3684c",
  "outputs": {},
  "resources": [
    {
      "mode": "managed",
      "type": "aws_instance",
      "name": "love-inst",
      "provider": "provider[\"registry.terraform.io/hashicorp/aws\"]",
      "instances": [
        {
          "status": "tainted",
          "schema_version": 1,
          "attributes": {
            "ami": "ami-06489866022e12a14",
            "arn": "arn:aws:ec2:ap-south-1:970719476355:instance/i-00860ea31448c5348",
            "associate_public_ip_address": true,
            "availability_zone": "ap-south-1a",
            "capacity_reservation_specification": [
              {
                "capacity_reservation_preference": "open",
                "capacity_reservation_target": []
              }
            ],
            "cpu_core_count": 1,
            "cpu_threads_per_core": 1,
            "credit_specification": [
              {
                "cpu_credits": "standard"
              }
            ],
            "disable_api_stop": false,
            "disable_api_termination": false,
            "ebs_block_device": [],
            "ebs_optimized": false,
            "enclave_options": [
              {
                "enabled": false
              }
            ],
            "ephemeral_block_device": [],
            "get_password_data": false,
            "hibernation": false,
            "host_id": null,
            "host_resource_group_arn": null,
            "iam_instance_profile": "",
            "id": "i-00860ea31448c5348",
            "instance_initiated_shutdown_behavior": "stop",
            "instance_state": "running",
            "instance_type": "t2.micro",
            "ipv6_address_count": 0,
            "ipv6_addresses": [],
            "key_name": "lovekey",
            "launch_template": [],
            "maintenance_options": [
              {
                "auto_recovery": "default"
              }
            ],
            "metadata_options": [
              {
                "http_endpoint": "enabled",
                "http_put_response_hop_limit": 1,
                "http_tokens": "optional",
                "instance_metadata_tags": "disabled"
              }
            ],
            "monitoring": false,
            "network_interface": [],
            "outpost_arn": "",
            "password_data": "",
            "placement_group": "",
            "placement_partition_number": null,
            "primary_network_interface_id": "eni-04d3ec9e22811b004",
            "private_dns": "ip-172-31-43-205.ap-south-1.compute.internal",
            "private_dns_name_options": [
              {
                "enable_resource_name_dns_a_record": false,
                "enable_resource_name_dns_aaaa_record": false,
                "hostname_type": "ip-name"
              }
            ],
            "private_ip": "172.31.43.205",
            "public_dns": "ec2-13-234-19-77.ap-south-1.compute.amazonaws.com",
            "public_ip": "13.234.19.77",
            "root_block_device": [
              {
                "delete_on_termination": true,
                "device_name": "/dev/xvda",
                "encrypted": false,
                "iops": 100,
                "kms_key_id": "",
                "tags": {},
                "throughput": 0,
                "volume_id": "vol-0894d6c15e8e2e71f",
                "volume_size": 8,
                "volume_type": "gp2"
              }
            ],
            "secondary_private_ips": [],
            "security_groups": [
              "love-sg"
            ],
            "source_dest_check": true,
            "subnet_id": "subnet-0f85af9a19f118c29",
            "tags": {
              "Name": "Love-Instance",
              "Project": "Love"
            },
            "tags_all": {
              "Name": "Love-Instance",
              "Project": "Love"
            },
            "tenancy": "default",
            "timeouts": null,
            "user_data": null,
            "user_data_base64": null,
            "user_data_replace_on_change": false,
            "volume_tags": null,
            "vpc_security_group_ids": [
              "sg-048a8b03e10e98059"
            ]
          },
          "sensitive_attributes": [],
          "private": "eyJlMmJmYjczMC1lY2FhLTExZTYtOGY4OC0zNDM2M2JjN2M0YzAiOnsiY3JlYXRlIjo2MDAwMDAwMDAwMDAsImRlbGV0ZSI6MTIwMDAwMDAwMDAwMCwidXBkYXRlIjo2MDAwMDAwMDAwMDB9LCJzY2hlbWFfdmVyc2lvbiI6IjEifQ==",
          "dependencies": [
            "aws_key_pair.love-key"
          ]
        }
      ]
    },
    {
      "mode": "managed",
      "type": "aws_key_pair",
      "name": "love-key",
      "provider": "provider[\"registry.terraform.io/hashicorp/aws\"]",
      "instances": [
        {
          "schema_version": 1,
          "attributes": {
            "arn": "arn:aws:ec2:ap-south-1:970719476355:key-pair/lovekey",
            "fingerprint": "2f:5c:b5:29:d9:b0:f8:c7:07:51:d9:1e:b6:4b:dc:3f",
            "id": "lovekey",
            "key_name": "lovekey",
            "key_name_prefix": "",
            "key_pair_id": "key-07fa357d36f211b1b",
            "key_type": "rsa",
            "public_key": "ssh-rsa AAAAB3NzaC1yc2EAAAADAQABAAABgQC+OePpcefHikgXdb2vmZgJuJTHu0ZCaJF9ZtA5MVRQYMGq/QziK5IEQD1hjoM6CfJ67Th+2G2SyNVaw2C+dSPRhFXSh7P+ux2wKTVMtrmUIgWdWfR2qBP0x8q/8k9x1tY5LS/BNve7+DJvMZY8ojC/g+tdGh/8ji2RvSvQrG6la/YL+Xz5hBmPDSLZmShi/NpziDbtmDk3J5a2QAmQS19+ctb6XMI1a9VSpAE6boQaJQ6l8N5ncFg51nbv324EU9vn1Zojetg5h83wPgyxeLc4qp54CCY+R0pFu+4nAC7MqVbJyjKChUMGiFLMCmDFW4heplTuSc/Wzbt9+PNuDuP1YQ9NBiV9o1KxLp+9CmW3VmC1Lrrnb17oidBaGAke9htzS5G4082HmYIEnPMlSpRuf2DKDk0DuTMpWXcJRuNJst8WX7eYGDUrrnCYXsiXbzeGHzFUC5s55QXFidv7BRfi6z8susLv13rhu1JCxJVA3bMjt7Oy9JQw2n9g2keOaYE= abhay@DESKTOP-IHJQ8I9",
            "tags": {},
            "tags_all": {}
          },
          "sensitive_attributes": [],
          "private": "eyJzY2hlbWFfdmVyc2lvbiI6IjEifQ=="
        }
      ]
    }
  ]
}
